
Microsoft Visual Studio Solution File, Format Version 12.00
# Visual Studio Version 17
VisualStudioVersion = 17.6.33712.159
MinimumVisualStudioVersion = 10.0.40219.1
Project("{FAE04EC0-301F-11D3-BF4B-00C04F79EFBC}") = "Ejercicio1", "Ejercicio1\Ejercicio1.csproj", "{7CA9E0B4-5D8E-4829-BD61-F927BAD2737C}"
EndProject
Global
	GlobalSection(SolutionConfigurationPlatforms) = preSolution
		Debug|Any CPU = Debug|Any CPU
		Release|Any CPU = Release|Any CPU
	EndGlobalSection
	GlobalSection(ProjectConfigurationPlatforms) = postSolution
		{7CA9E0B4-5D8E-4829-BD61-F927BAD2737C}.Debug|Any CPU.ActiveCfg = Debug|Any CPU
		{7CA9E0B4-5D8E-4829-BD61-F927BAD2737C}.Debug|Any CPU.Build.0 = Debug|Any CPU
		{7CA9E0B4-5D8E-4829-BD61-F927BAD2737C}.Release|Any CPU.ActiveCfg = Release|Any CPU
		{7CA9E0B4-5D8E-4829-BD61-F927BAD2737C}.Release|Any CPU.Build.0 = Release|Any CPU
	EndGlobalSection
	GlobalSection(SolutionProperties) = preSolution
		HideSolutionNode = FALSE
	EndGlobalSection
	GlobalSection(ExtensibilityGlobals) = postSolution
		SolutionGuid = {D5A2E11B-64DC-4307-B839-45528FAD926A}
	EndGlobalSection
EndGlobal
