
Microsoft Visual Studio Solution File, Format Version 12.00
# Visual Studio 2012
Project("{FAE04EC0-301F-11D3-BF4B-00C04F79EFBC}") = "Ejecricio2", "Ejecricio2\Ejecricio2.csproj", "{58523A1B-97AF-4275-82E5-50FE4BE4E544}"
EndProject
Global
	GlobalSection(SolutionConfigurationPlatforms) = preSolution
		Debug|Any CPU = Debug|Any CPU
		Release|Any CPU = Release|Any CPU
	EndGlobalSection
	GlobalSection(ProjectConfigurationPlatforms) = postSolution
		{58523A1B-97AF-4275-82E5-50FE4BE4E544}.Debug|Any CPU.ActiveCfg = Debug|Any CPU
		{58523A1B-97AF-4275-82E5-50FE4BE4E544}.Debug|Any CPU.Build.0 = Debug|Any CPU
		{58523A1B-97AF-4275-82E5-50FE4BE4E544}.Release|Any CPU.ActiveCfg = Release|Any CPU
		{58523A1B-97AF-4275-82E5-50FE4BE4E544}.Release|Any CPU.Build.0 = Release|Any CPU
	EndGlobalSection
	GlobalSection(SolutionProperties) = preSolution
		HideSolutionNode = FALSE
	EndGlobalSection
EndGlobal
