
Microsoft Visual Studio Solution File, Format Version 12.00
# Visual Studio Version 17
VisualStudioVersion = 17.6.33712.159
MinimumVisualStudioVersion = 10.0.40219.1
Project("{9A19103F-16F7-4668-BE54-9A1E7A4F7556}") = "Ejercicio4", "Ejercicio 4\Ejercicio4.csproj", "{98D2EBBA-6F56-44D7-8465-80ED34802B22}"
EndProject
Global
	GlobalSection(SolutionConfigurationPlatforms) = preSolution
		Debug|Any CPU = Debug|Any CPU
		Release|Any CPU = Release|Any CPU
	EndGlobalSection
	GlobalSection(ProjectConfigurationPlatforms) = postSolution
		{98D2EBBA-6F56-44D7-8465-80ED34802B22}.Debug|Any CPU.ActiveCfg = Debug|Any CPU
		{98D2EBBA-6F56-44D7-8465-80ED34802B22}.Debug|Any CPU.Build.0 = Debug|Any CPU
		{98D2EBBA-6F56-44D7-8465-80ED34802B22}.Release|Any CPU.ActiveCfg = Release|Any CPU
		{98D2EBBA-6F56-44D7-8465-80ED34802B22}.Release|Any CPU.Build.0 = Release|Any CPU
	EndGlobalSection
	GlobalSection(SolutionProperties) = preSolution
		HideSolutionNode = FALSE
	EndGlobalSection
	GlobalSection(ExtensibilityGlobals) = postSolution
		SolutionGuid = {15B540CA-273F-44C6-8D4C-973E576CA6BE}
	EndGlobalSection
EndGlobal
