
Microsoft Visual Studio Solution File, Format Version 12.00
# Visual Studio 2012
Project("{FAE04EC0-301F-11D3-BF4B-00C04F79EFBC}") = "ERNESTOACUAyMATEOCACERESej4", "ERNESTOACUAyMATEOCACERESej4\ERNESTOACUAyMATEOCACERESej4.csproj", "{600EC2BC-5148-4AE3-80B0-F792B8156DE4}"
EndProject
Global
	GlobalSection(SolutionConfigurationPlatforms) = preSolution
		Debug|Any CPU = Debug|Any CPU
		Release|Any CPU = Release|Any CPU
	EndGlobalSection
	GlobalSection(ProjectConfigurationPlatforms) = postSolution
		{600EC2BC-5148-4AE3-80B0-F792B8156DE4}.Debug|Any CPU.ActiveCfg = Debug|Any CPU
		{600EC2BC-5148-4AE3-80B0-F792B8156DE4}.Debug|Any CPU.Build.0 = Debug|Any CPU
		{600EC2BC-5148-4AE3-80B0-F792B8156DE4}.Release|Any CPU.ActiveCfg = Release|Any CPU
		{600EC2BC-5148-4AE3-80B0-F792B8156DE4}.Release|Any CPU.Build.0 = Release|Any CPU
	EndGlobalSection
	GlobalSection(SolutionProperties) = preSolution
		HideSolutionNode = FALSE
	EndGlobalSection
EndGlobal
