
Microsoft Visual Studio Solution File, Format Version 12.00
# Visual Studio Version 17
VisualStudioVersion = 17.6.33712.159
MinimumVisualStudioVersion = 10.0.40219.1
Project("{FAE04EC0-301F-11D3-BF4B-00C04F79EFBC}") = "Ejercicio6", "Ejercicio6\Ejercicio6.csproj", "{9790799D-6FE9-4744-BFDF-6F6D4ACE844B}"
EndProject
Global
	GlobalSection(SolutionConfigurationPlatforms) = preSolution
		Debug|Any CPU = Debug|Any CPU
		Release|Any CPU = Release|Any CPU
	EndGlobalSection
	GlobalSection(ProjectConfigurationPlatforms) = postSolution
		{9790799D-6FE9-4744-BFDF-6F6D4ACE844B}.Debug|Any CPU.ActiveCfg = Debug|Any CPU
		{9790799D-6FE9-4744-BFDF-6F6D4ACE844B}.Debug|Any CPU.Build.0 = Debug|Any CPU
		{9790799D-6FE9-4744-BFDF-6F6D4ACE844B}.Release|Any CPU.ActiveCfg = Release|Any CPU
		{9790799D-6FE9-4744-BFDF-6F6D4ACE844B}.Release|Any CPU.Build.0 = Release|Any CPU
	EndGlobalSection
	GlobalSection(SolutionProperties) = preSolution
		HideSolutionNode = FALSE
	EndGlobalSection
	GlobalSection(ExtensibilityGlobals) = postSolution
		SolutionGuid = {7BB31316-DA87-44CC-8225-F0AFEDA38324}
	EndGlobalSection
EndGlobal
